
Microsoft Visual Studio Solution File, Format Version 12.00
# Visual Studio Version 17
VisualStudioVersion = 17.14.36811.4 d17.14
MinimumVisualStudioVersion = 10.0.40219.1
Project("{FAE04EC0-301F-11D3-BF4B-00C04F79EFBC}") = "DALTUDTXD_AddinTinhLienKet_0315168_68th3", "DALTUDTXD_AddinTinhLienKet_0315168_68th3\DALTUDTXD_AddinTinhLienKet_0315168_68th3.csproj", "{313CE2A6-0160-45F8-9D68-0F233D6FE094}"
EndProject
Global
	GlobalSection(SolutionConfigurationPlatforms) = preSolution
		Debug|Any CPU = Debug|Any CPU
		Release|Any CPU = Release|Any CPU
	EndGlobalSection
	GlobalSection(ProjectConfigurationPlatforms) = postSolution
		{313CE2A6-0160-45F8-9D68-0F233D6FE094}.Debug|Any CPU.ActiveCfg = Debug|Any CPU
		{313CE2A6-0160-45F8-9D68-0F233D6FE094}.Debug|Any CPU.Build.0 = Debug|Any CPU
		{313CE2A6-0160-45F8-9D68-0F233D6FE094}.Release|Any CPU.ActiveCfg = Release|Any CPU
		{313CE2A6-0160-45F8-9D68-0F233D6FE094}.Release|Any CPU.Build.0 = Release|Any CPU
	EndGlobalSection
	GlobalSection(SolutionProperties) = preSolution
		HideSolutionNode = FALSE
	EndGlobalSection
	GlobalSection(ExtensibilityGlobals) = postSolution
		SolutionGuid = {7D0F42CA-4988-4688-B8B2-01BCE98B6823}
	EndGlobalSection
EndGlobal
